// !$*UTF8*$!
{
	archiveVersion = 1;
	classes = {
	};
	objectVersion = 56;
	objects = {

/* Begin PBXBuildFile section */
		027A27FF29424A0B003A5BA9 /* RecipesApp.swift in Sources */ = {isa = PBXBuildFile; fileRef = 027A27FE29424A0B003A5BA9 /* RecipesApp.swift */; };
		027A280329424A0B003A5BA9 /* Assets.xcassets in Resources */ = {isa = PBXBuildFile; fileRef = 027A280229424A0B003A5BA9 /* Assets.xcassets */; };
		027A280629424A0B003A5BA9 /* Preview Assets.xcassets in Resources */ = {isa = PBXBuildFile; fileRef = 027A280529424A0B003A5BA9 /* Preview Assets.xcassets */; };
		027A2830294251CE003A5BA9 /* NetworkConfig.swift in Sources */ = {isa = PBXBuildFile; fileRef = 027A282F294251CE003A5BA9 /* NetworkConfig.swift */; };
		027A2832294251E4003A5BA9 /* Endpoint.swift in Sources */ = {isa = PBXBuildFile; fileRef = 027A2831294251E4003A5BA9 /* Endpoint.swift */; };
		027A283429425200003A5BA9 /* NetworkServiceType.swift in Sources */ = {isa = PBXBuildFile; fileRef = 027A283329425200003A5BA9 /* NetworkServiceType.swift */; };
		027A28362942528E003A5BA9 /* NetworkService.swift in Sources */ = {isa = PBXBuildFile; fileRef = 027A28352942528E003A5BA9 /* NetworkService.swift */; };
		027A283A294256B4003A5BA9 /* APIEndpoints.swift in Sources */ = {isa = PBXBuildFile; fileRef = 027A2839294256B4003A5BA9 /* APIEndpoints.swift */; };
		027A283E29425792003A5BA9 /* Recipe.swift in Sources */ = {isa = PBXBuildFile; fileRef = 027A283D29425792003A5BA9 /* Recipe.swift */; };
		027A2840294258AC003A5BA9 /* Ingredient.swift in Sources */ = {isa = PBXBuildFile; fileRef = 027A283F294258AC003A5BA9 /* Ingredient.swift */; };
		027A28422942594A003A5BA9 /* RecipePreview.swift in Sources */ = {isa = PBXBuildFile; fileRef = 027A28412942594A003A5BA9 /* RecipePreview.swift */; };
		027A284629425A76003A5BA9 /* NetworkServiceTests.swift in Sources */ = {isa = PBXBuildFile; fileRef = 027A284529425A76003A5BA9 /* NetworkServiceTests.swift */; };
		027A284F29425B9E003A5BA9 /* RecipeList.json in Resources */ = {isa = PBXBuildFile; fileRef = 027A284D29425B9E003A5BA9 /* RecipeList.json */; };
		027A285029425B9E003A5BA9 /* RecipePreviewList.json in Resources */ = {isa = PBXBuildFile; fileRef = 027A284E29425B9E003A5BA9 /* RecipePreviewList.json */; };
		027A285429436135003A5BA9 /* RecipesListView.swift in Sources */ = {isa = PBXBuildFile; fileRef = 027A285329436135003A5BA9 /* RecipesListView.swift */; };
		027A285629436199003A5BA9 /* RecipesListFeature.swift in Sources */ = {isa = PBXBuildFile; fileRef = 027A285529436199003A5BA9 /* RecipesListFeature.swift */; };
		02A3FA2F294366EB0015EB0E /* RecipesClient.swift in Sources */ = {isa = PBXBuildFile; fileRef = 02A3FA2E294366EB0015EB0E /* RecipesClient.swift */; };
		02A3FA31294370C50015EB0E /* RecipePreviewResponse.swift in Sources */ = {isa = PBXBuildFile; fileRef = 02A3FA30294370C50015EB0E /* RecipePreviewResponse.swift */; };
		02A3FA472943F24E0015EB0E /* AppDIContainer.swift in Sources */ = {isa = PBXBuildFile; fileRef = 02A3FA462943F24E0015EB0E /* AppDIContainer.swift */; };
		02A3FA4A2943F4AD0015EB0E /* ComposableArchitecture in Frameworks */ = {isa = PBXBuildFile; productRef = 02A3FA492943F4AD0015EB0E /* ComposableArchitecture */; };
		02A3FA4F2943F7300015EB0E /* NetworkConfigMock.swift in Sources */ = {isa = PBXBuildFile; fileRef = 027A284929425AAB003A5BA9 /* NetworkConfigMock.swift */; };
		02A3FA502943F7350015EB0E /* URLProtocolMock.swift in Sources */ = {isa = PBXBuildFile; fileRef = 027A284B29425ACB003A5BA9 /* URLProtocolMock.swift */; };
/* End PBXBuildFile section */

/* Begin PBXContainerItemProxy section */
		027A280C29424A0C003A5BA9 /* PBXContainerItemProxy */ = {
			isa = PBXContainerItemProxy;
			containerPortal = 027A27F329424A0B003A5BA9 /* Project object */;
			proxyType = 1;
			remoteGlobalIDString = 027A27FA29424A0B003A5BA9;
			remoteInfo = Recipes;
		};
/* End PBXContainerItemProxy section */

/* Begin PBXFileReference section */
		027A27FB29424A0B003A5BA9 /* Recipes.app */ = {isa = PBXFileReference; explicitFileType = wrapper.application; includeInIndex = 0; path = Recipes.app; sourceTree = BUILT_PRODUCTS_DIR; };
		027A27FE29424A0B003A5BA9 /* RecipesApp.swift */ = {isa = PBXFileReference; lastKnownFileType = sourcecode.swift; path = RecipesApp.swift; sourceTree = "<group>"; };
		027A280229424A0B003A5BA9 /* Assets.xcassets */ = {isa = PBXFileReference; lastKnownFileType = folder.assetcatalog; path = Assets.xcassets; sourceTree = "<group>"; };
		027A280529424A0B003A5BA9 /* Preview Assets.xcassets */ = {isa = PBXFileReference; lastKnownFileType = folder.assetcatalog; path = "Preview Assets.xcassets"; sourceTree = "<group>"; };
		027A280B29424A0C003A5BA9 /* RecipesTests.xctest */ = {isa = PBXFileReference; explicitFileType = wrapper.cfbundle; includeInIndex = 0; path = RecipesTests.xctest; sourceTree = BUILT_PRODUCTS_DIR; };
		027A282F294251CE003A5BA9 /* NetworkConfig.swift */ = {isa = PBXFileReference; lastKnownFileType = sourcecode.swift; path = NetworkConfig.swift; sourceTree = "<group>"; };
		027A2831294251E4003A5BA9 /* Endpoint.swift */ = {isa = PBXFileReference; lastKnownFileType = sourcecode.swift; path = Endpoint.swift; sourceTree = "<group>"; };
		027A283329425200003A5BA9 /* NetworkServiceType.swift */ = {isa = PBXFileReference; lastKnownFileType = sourcecode.swift; path = NetworkServiceType.swift; sourceTree = "<group>"; };
		027A28352942528E003A5BA9 /* NetworkService.swift */ = {isa = PBXFileReference; lastKnownFileType = sourcecode.swift; path = NetworkService.swift; sourceTree = "<group>"; };
		027A2839294256B4003A5BA9 /* APIEndpoints.swift */ = {isa = PBXFileReference; lastKnownFileType = sourcecode.swift; path = APIEndpoints.swift; sourceTree = "<group>"; };
		027A283D29425792003A5BA9 /* Recipe.swift */ = {isa = PBXFileReference; lastKnownFileType = sourcecode.swift; path = Recipe.swift; sourceTree = "<group>"; };
		027A283F294258AC003A5BA9 /* Ingredient.swift */ = {isa = PBXFileReference; lastKnownFileType = sourcecode.swift; path = Ingredient.swift; sourceTree = "<group>"; };
		027A28412942594A003A5BA9 /* RecipePreview.swift */ = {isa = PBXFileReference; lastKnownFileType = sourcecode.swift; path = RecipePreview.swift; sourceTree = "<group>"; };
		027A284529425A76003A5BA9 /* NetworkServiceTests.swift */ = {isa = PBXFileReference; lastKnownFileType = sourcecode.swift; path = NetworkServiceTests.swift; sourceTree = "<group>"; };
		027A284929425AAB003A5BA9 /* NetworkConfigMock.swift */ = {isa = PBXFileReference; lastKnownFileType = sourcecode.swift; path = NetworkConfigMock.swift; sourceTree = "<group>"; };
		027A284B29425ACB003A5BA9 /* URLProtocolMock.swift */ = {isa = PBXFileReference; lastKnownFileType = sourcecode.swift; path = URLProtocolMock.swift; sourceTree = "<group>"; };
		027A284D29425B9E003A5BA9 /* RecipeList.json */ = {isa = PBXFileReference; fileEncoding = 4; lastKnownFileType = text.json; path = RecipeList.json; sourceTree = "<group>"; };
		027A284E29425B9E003A5BA9 /* RecipePreviewList.json */ = {isa = PBXFileReference; fileEncoding = 4; lastKnownFileType = text.json; path = RecipePreviewList.json; sourceTree = "<group>"; };
		027A285329436135003A5BA9 /* RecipesListView.swift */ = {isa = PBXFileReference; lastKnownFileType = sourcecode.swift; path = RecipesListView.swift; sourceTree = "<group>"; };
		027A285529436199003A5BA9 /* RecipesListFeature.swift */ = {isa = PBXFileReference; lastKnownFileType = sourcecode.swift; path = RecipesListFeature.swift; sourceTree = "<group>"; };
		02A3FA2E294366EB0015EB0E /* RecipesClient.swift */ = {isa = PBXFileReference; lastKnownFileType = sourcecode.swift; path = RecipesClient.swift; sourceTree = "<group>"; };
		02A3FA30294370C50015EB0E /* RecipePreviewResponse.swift */ = {isa = PBXFileReference; lastKnownFileType = sourcecode.swift; path = RecipePreviewResponse.swift; sourceTree = "<group>"; };
		02A3FA462943F24E0015EB0E /* AppDIContainer.swift */ = {isa = PBXFileReference; lastKnownFileType = sourcecode.swift; path = AppDIContainer.swift; sourceTree = "<group>"; };
/* End PBXFileReference section */

/* Begin PBXFrameworksBuildPhase section */
		027A27F829424A0B003A5BA9 /* Frameworks */ = {
			isa = PBXFrameworksBuildPhase;
			buildActionMask = 2147483647;
			files = (
				02A3FA4A2943F4AD0015EB0E /* ComposableArchitecture in Frameworks */,
			);
			runOnlyForDeploymentPostprocessing = 0;
		};
		027A280829424A0C003A5BA9 /* Frameworks */ = {
			isa = PBXFrameworksBuildPhase;
			buildActionMask = 2147483647;
			files = (
			);
			runOnlyForDeploymentPostprocessing = 0;
		};
/* End PBXFrameworksBuildPhase section */

/* Begin PBXGroup section */
		027A27F229424A0B003A5BA9 = {
			isa = PBXGroup;
			children = (
				027A27FD29424A0B003A5BA9 /* Recipes */,
				027A280E29424A0C003A5BA9 /* RecipesTests */,
				027A27FC29424A0B003A5BA9 /* Products */,
			);
			sourceTree = "<group>";
		};
		027A27FC29424A0B003A5BA9 /* Products */ = {
			isa = PBXGroup;
			children = (
				027A27FB29424A0B003A5BA9 /* Recipes.app */,
				027A280B29424A0C003A5BA9 /* RecipesTests.xctest */,
			);
			name = Products;
			sourceTree = "<group>";
		};
		027A27FD29424A0B003A5BA9 /* Recipes */ = {
			isa = PBXGroup;
			children = (
				027A282B29424EAB003A5BA9 /* Application */,
				027A282D29425010003A5BA9 /* Services */,
				027A283B29425773003A5BA9 /* Domain */,
				027A2851294360DC003A5BA9 /* Presentation */,
				02A3FA382943C0060015EB0E /* Resources */,
				027A280429424A0B003A5BA9 /* Preview Content */,
			);
			path = Recipes;
			sourceTree = "<group>";
		};
		027A280429424A0B003A5BA9 /* Preview Content */ = {
			isa = PBXGroup;
			children = (
				027A280529424A0B003A5BA9 /* Preview Assets.xcassets */,
			);
			path = "Preview Content";
			sourceTree = "<group>";
		};
		027A280E29424A0C003A5BA9 /* RecipesTests */ = {
			isa = PBXGroup;
			children = (
				02A3FA342943BAE70015EB0E /* Mocks */,
				027A284329425A54003A5BA9 /* Services */,
			);
			path = RecipesTests;
			sourceTree = "<group>";
		};
		027A282B29424EAB003A5BA9 /* Application */ = {
			isa = PBXGroup;
			children = (
				027A27FE29424A0B003A5BA9 /* RecipesApp.swift */,
				02A3FA462943F24E0015EB0E /* AppDIContainer.swift */,
			);
			path = Application;
			sourceTree = "<group>";
		};
		027A282D29425010003A5BA9 /* Services */ = {
			isa = PBXGroup;
			children = (
				027A282E2942501E003A5BA9 /* Network */,
			);
			path = Services;
			sourceTree = "<group>";
		};
		027A282E2942501E003A5BA9 /* Network */ = {
			isa = PBXGroup;
			children = (
				027A282F294251CE003A5BA9 /* NetworkConfig.swift */,
				027A2831294251E4003A5BA9 /* Endpoint.swift */,
				027A283329425200003A5BA9 /* NetworkServiceType.swift */,
				027A28352942528E003A5BA9 /* NetworkService.swift */,
				027A2839294256B4003A5BA9 /* APIEndpoints.swift */,
			);
			path = Network;
			sourceTree = "<group>";
		};
		027A283B29425773003A5BA9 /* Domain */ = {
			isa = PBXGroup;
			children = (
				027A283C2942577F003A5BA9 /* Entities */,
				02A3FA2E294366EB0015EB0E /* RecipesClient.swift */,
			);
			path = Domain;
			sourceTree = "<group>";
		};
		027A283C2942577F003A5BA9 /* Entities */ = {
			isa = PBXGroup;
			children = (
				02A3FA30294370C50015EB0E /* RecipePreviewResponse.swift */,
				027A28412942594A003A5BA9 /* RecipePreview.swift */,
				027A283D29425792003A5BA9 /* Recipe.swift */,
				027A283F294258AC003A5BA9 /* Ingredient.swift */,
			);
			path = Entities;
			sourceTree = "<group>";
		};
		027A284329425A54003A5BA9 /* Services */ = {
			isa = PBXGroup;
			children = (
				027A284729425A7D003A5BA9 /* Network */,
			);
			path = Services;
			sourceTree = "<group>";
		};
		027A284429425A5B003A5BA9 /* Responses */ = {
			isa = PBXGroup;
			children = (
				027A284D29425B9E003A5BA9 /* RecipeList.json */,
				027A284E29425B9E003A5BA9 /* RecipePreviewList.json */,
			);
			path = Responses;
			sourceTree = "<group>";
		};
		027A284729425A7D003A5BA9 /* Network */ = {
			isa = PBXGroup;
			children = (
				027A284429425A5B003A5BA9 /* Responses */,
				027A284529425A76003A5BA9 /* NetworkServiceTests.swift */,
			);
			path = Network;
			sourceTree = "<group>";
		};
		027A2851294360DC003A5BA9 /* Presentation */ = {
			isa = PBXGroup;
			children = (
				027A285229436101003A5BA9 /* RecipesList */,
			);
			path = Presentation;
			sourceTree = "<group>";
		};
		027A285229436101003A5BA9 /* RecipesList */ = {
			isa = PBXGroup;
			children = (
				027A285329436135003A5BA9 /* RecipesListView.swift */,
				027A285529436199003A5BA9 /* RecipesListFeature.swift */,
			);
			path = RecipesList;
			sourceTree = "<group>";
		};
		02A3FA342943BAE70015EB0E /* Mocks */ = {
			isa = PBXGroup;
			children = (
				027A284929425AAB003A5BA9 /* NetworkConfigMock.swift */,
				027A284B29425ACB003A5BA9 /* URLProtocolMock.swift */,
			);
			path = Mocks;
			sourceTree = "<group>";
		};
		02A3FA382943C0060015EB0E /* Resources */ = {
			isa = PBXGroup;
			children = (
				027A280229424A0B003A5BA9 /* Assets.xcassets */,
			);
			path = Resources;
			sourceTree = "<group>";
		};
/* End PBXGroup section */

/* Begin PBXNativeTarget section */
		027A27FA29424A0B003A5BA9 /* Recipes */ = {
			isa = PBXNativeTarget;
			buildConfigurationList = 027A281F29424A0C003A5BA9 /* Build configuration list for PBXNativeTarget "Recipes" */;
			buildPhases = (
				027A27F729424A0B003A5BA9 /* Sources */,
				027A27F829424A0B003A5BA9 /* Frameworks */,
				027A27F929424A0B003A5BA9 /* Resources */,
				027A282C29424F72003A5BA9 /* SwiftLint */,
			);
			buildRules = (
			);
			dependencies = (
			);
			name = Recipes;
			packageProductDependencies = (
				02A3FA492943F4AD0015EB0E /* ComposableArchitecture */,
			);
			productName = Recipes;
			productReference = 027A27FB29424A0B003A5BA9 /* Recipes.app */;
			productType = "com.apple.product-type.application";
		};
		027A280A29424A0C003A5BA9 /* RecipesTests */ = {
			isa = PBXNativeTarget;
			buildConfigurationList = 027A282229424A0C003A5BA9 /* Build configuration list for PBXNativeTarget "RecipesTests" */;
			buildPhases = (
				027A280729424A0C003A5BA9 /* Sources */,
				027A280829424A0C003A5BA9 /* Frameworks */,
				027A280929424A0C003A5BA9 /* Resources */,
			);
			buildRules = (
			);
			dependencies = (
				027A280D29424A0C003A5BA9 /* PBXTargetDependency */,
			);
			name = RecipesTests;
			productName = RecipesTests;
			productReference = 027A280B29424A0C003A5BA9 /* RecipesTests.xctest */;
			productType = "com.apple.product-type.bundle.unit-test";
		};
/* End PBXNativeTarget section */

/* Begin PBXProject section */
		027A27F329424A0B003A5BA9 /* Project object */ = {
			isa = PBXProject;
			attributes = {
				BuildIndependentTargetsInParallel = 1;
				LastSwiftUpdateCheck = 1400;
				LastUpgradeCheck = 1400;
				ORGANIZATIONNAME = "";
				TargetAttributes = {
					027A27FA29424A0B003A5BA9 = {
						CreatedOnToolsVersion = 14.0;
					};
					027A280A29424A0C003A5BA9 = {
						CreatedOnToolsVersion = 14.0;
						TestTargetID = 027A27FA29424A0B003A5BA9;
					};
				};
			};
			buildConfigurationList = 027A27F629424A0B003A5BA9 /* Build configuration list for PBXProject "Recipes" */;
			compatibilityVersion = "Xcode 14.0";
			developmentRegion = en;
			hasScannedForEncodings = 0;
			knownRegions = (
				en,
				Base,
			);
			mainGroup = 027A27F229424A0B003A5BA9;
			packageReferences = (
				02A3FA482943F4AD0015EB0E /* XCRemoteSwiftPackageReference "swift-composable-architecture" */,
			);
			productRefGroup = 027A27FC29424A0B003A5BA9 /* Products */;
			projectDirPath = "";
			projectRoot = "";
			targets = (
				027A27FA29424A0B003A5BA9 /* Recipes */,
				027A280A29424A0C003A5BA9 /* RecipesTests */,
			);
		};
/* End PBXProject section */

/* Begin PBXResourcesBuildPhase section */
		027A27F929424A0B003A5BA9 /* Resources */ = {
			isa = PBXResourcesBuildPhase;
			buildActionMask = 2147483647;
			files = (
				027A280629424A0B003A5BA9 /* Preview Assets.xcassets in Resources */,
				027A280329424A0B003A5BA9 /* Assets.xcassets in Resources */,
			);
			runOnlyForDeploymentPostprocessing = 0;
		};
		027A280929424A0C003A5BA9 /* Resources */ = {
			isa = PBXResourcesBuildPhase;
			buildActionMask = 2147483647;
			files = (
				027A285029425B9E003A5BA9 /* RecipePreviewList.json in Resources */,
				027A284F29425B9E003A5BA9 /* RecipeList.json in Resources */,
			);
			runOnlyForDeploymentPostprocessing = 0;
		};
/* End PBXResourcesBuildPhase section */

/* Begin PBXShellScriptBuildPhase section */
		027A282C29424F72003A5BA9 /* SwiftLint */ = {
			isa = PBXShellScriptBuildPhase;
			buildActionMask = 2147483647;
			files = (
			);
			inputFileListPaths = (
			);
			inputPaths = (
			);
			name = SwiftLint;
			outputFileListPaths = (
			);
			outputPaths = (
			);
			runOnlyForDeploymentPostprocessing = 0;
			shellPath = /bin/sh;
			shellScript = "export PATH=\"$PATH:/opt/homebrew/bin\"\nif which swiftlint > /dev/null; then\n  swiftlint\nelse\n  echo \"warning: SwiftLint not installed, download from https://github.com/realm/SwiftLint\"\nfi\n";
		};
/* End PBXShellScriptBuildPhase section */

/* Begin PBXSourcesBuildPhase section */
		027A27F729424A0B003A5BA9 /* Sources */ = {
			isa = PBXSourcesBuildPhase;
			buildActionMask = 2147483647;
			files = (
				027A283A294256B4003A5BA9 /* APIEndpoints.swift in Sources */,
				027A285629436199003A5BA9 /* RecipesListFeature.swift in Sources */,
				027A28422942594A003A5BA9 /* RecipePreview.swift in Sources */,
				027A2840294258AC003A5BA9 /* Ingredient.swift in Sources */,
				027A285429436135003A5BA9 /* RecipesListView.swift in Sources */,
				027A27FF29424A0B003A5BA9 /* RecipesApp.swift in Sources */,
				027A2832294251E4003A5BA9 /* Endpoint.swift in Sources */,
				02A3FA31294370C50015EB0E /* RecipePreviewResponse.swift in Sources */,
				027A283429425200003A5BA9 /* NetworkServiceType.swift in Sources */,
				027A28362942528E003A5BA9 /* NetworkService.swift in Sources */,
				027A2830294251CE003A5BA9 /* NetworkConfig.swift in Sources */,
				02A3FA2F294366EB0015EB0E /* RecipesClient.swift in Sources */,
				02A3FA472943F24E0015EB0E /* AppDIContainer.swift in Sources */,
				027A283E29425792003A5BA9 /* Recipe.swift in Sources */,
			);
			runOnlyForDeploymentPostprocessing = 0;
		};
		027A280729424A0C003A5BA9 /* Sources */ = {
			isa = PBXSourcesBuildPhase;
			buildActionMask = 2147483647;
			files = (
				02A3FA502943F7350015EB0E /* URLProtocolMock.swift in Sources */,
				02A3FA4F2943F7300015EB0E /* NetworkConfigMock.swift in Sources */,
				027A284629425A76003A5BA9 /* NetworkServiceTests.swift in Sources */,
			);
			runOnlyForDeploymentPostprocessing = 0;
		};
/* End PBXSourcesBuildPhase section */

/* Begin PBXTargetDependency section */
		027A280D29424A0C003A5BA9 /* PBXTargetDependency */ = {
			isa = PBXTargetDependency;
			target = 027A27FA29424A0B003A5BA9 /* Recipes */;
			targetProxy = 027A280C29424A0C003A5BA9 /* PBXContainerItemProxy */;
		};
/* End PBXTargetDependency section */

/* Begin XCBuildConfiguration section */
		027A281D29424A0C003A5BA9 /* Debug */ = {
			isa = XCBuildConfiguration;
			buildSettings = {
				ALWAYS_SEARCH_USER_PATHS = NO;
				CLANG_ANALYZER_NONNULL = YES;
				CLANG_ANALYZER_NUMBER_OBJECT_CONVERSION = YES_AGGRESSIVE;
				CLANG_CXX_LANGUAGE_STANDARD = "gnu++20";
				CLANG_ENABLE_MODULES = YES;
				CLANG_ENABLE_OBJC_ARC = YES;
				CLANG_ENABLE_OBJC_WEAK = YES;
				CLANG_WARN_BLOCK_CAPTURE_AUTORELEASING = YES;
				CLANG_WARN_BOOL_CONVERSION = YES;
				CLANG_WARN_COMMA = YES;
				CLANG_WARN_CONSTANT_CONVERSION = YES;
				CLANG_WARN_DEPRECATED_OBJC_IMPLEMENTATIONS = YES;
				CLANG_WARN_DIRECT_OBJC_ISA_USAGE = YES_ERROR;
				CLANG_WARN_DOCUMENTATION_COMMENTS = YES;
				CLANG_WARN_EMPTY_BODY = YES;
				CLANG_WARN_ENUM_CONVERSION = YES;
				CLANG_WARN_INFINITE_RECURSION = YES;
				CLANG_WARN_INT_CONVERSION = YES;
				CLANG_WARN_NON_LITERAL_NULL_CONVERSION = YES;
				CLANG_WARN_OBJC_IMPLICIT_RETAIN_SELF = YES;
				CLANG_WARN_OBJC_LITERAL_CONVERSION = YES;
				CLANG_WARN_OBJC_ROOT_CLASS = YES_ERROR;
				CLANG_WARN_QUOTED_INCLUDE_IN_FRAMEWORK_HEADER = YES;
				CLANG_WARN_RANGE_LOOP_ANALYSIS = YES;
				CLANG_WARN_STRICT_PROTOTYPES = YES;
				CLANG_WARN_SUSPICIOUS_MOVE = YES;
				CLANG_WARN_UNGUARDED_AVAILABILITY = YES_AGGRESSIVE;
				CLANG_WARN_UNREACHABLE_CODE = YES;
				CLANG_WARN__DUPLICATE_METHOD_MATCH = YES;
				COPY_PHASE_STRIP = NO;
				DEBUG_INFORMATION_FORMAT = dwarf;
				ENABLE_STRICT_OBJC_MSGSEND = YES;
				ENABLE_TESTABILITY = YES;
				GCC_C_LANGUAGE_STANDARD = gnu11;
				GCC_DYNAMIC_NO_PIC = NO;
				GCC_NO_COMMON_BLOCKS = YES;
				GCC_OPTIMIZATION_LEVEL = 0;
				GCC_PREPROCESSOR_DEFINITIONS = (
					"DEBUG=1",
					"$(inherited)",
				);
				GCC_WARN_64_TO_32_BIT_CONVERSION = YES;
				GCC_WARN_ABOUT_RETURN_TYPE = YES_ERROR;
				GCC_WARN_UNDECLARED_SELECTOR = YES;
				GCC_WARN_UNINITIALIZED_AUTOS = YES_AGGRESSIVE;
				GCC_WARN_UNUSED_FUNCTION = YES;
				GCC_WARN_UNUSED_VARIABLE = YES;
				IPHONEOS_DEPLOYMENT_TARGET = 16.0;
				MTL_ENABLE_DEBUG_INFO = INCLUDE_SOURCE;
				MTL_FAST_MATH = YES;
				ONLY_ACTIVE_ARCH = YES;
				SDKROOT = iphoneos;
				SWIFT_ACTIVE_COMPILATION_CONDITIONS = DEBUG;
				SWIFT_OPTIMIZATION_LEVEL = "-Onone";
			};
			name = Debug;
		};
		027A281E29424A0C003A5BA9 /* Release */ = {
			isa = XCBuildConfiguration;
			buildSettings = {
				ALWAYS_SEARCH_USER_PATHS = NO;
				CLANG_ANALYZER_NONNULL = YES;
				CLANG_ANALYZER_NUMBER_OBJECT_CONVERSION = YES_AGGRESSIVE;
				CLANG_CXX_LANGUAGE_STANDARD = "gnu++20";
				CLANG_ENABLE_MODULES = YES;
				CLANG_ENABLE_OBJC_ARC = YES;
				CLANG_ENABLE_OBJC_WEAK = YES;
				CLANG_WARN_BLOCK_CAPTURE_AUTORELEASING = YES;
				CLANG_WARN_BOOL_CONVERSION = YES;
				CLANG_WARN_COMMA = YES;
				CLANG_WARN_CONSTANT_CONVERSION = YES;
				CLANG_WARN_DEPRECATED_OBJC_IMPLEMENTATIONS = YES;
				CLANG_WARN_DIRECT_OBJC_ISA_USAGE = YES_ERROR;
				CLANG_WARN_DOCUMENTATION_COMMENTS = YES;
				CLANG_WARN_EMPTY_BODY = YES;
				CLANG_WARN_ENUM_CONVERSION = YES;
				CLANG_WARN_INFINITE_RECURSION = YES;
				CLANG_WARN_INT_CONVERSION = YES;
				CLANG_WARN_NON_LITERAL_NULL_CONVERSION = YES;
				CLANG_WARN_OBJC_IMPLICIT_RETAIN_SELF = YES;
				CLANG_WARN_OBJC_LITERAL_CONVERSION = YES;
				CLANG_WARN_OBJC_ROOT_CLASS = YES_ERROR;
				CLANG_WARN_QUOTED_INCLUDE_IN_FRAMEWORK_HEADER = YES;
				CLANG_WARN_RANGE_LOOP_ANALYSIS = YES;
				CLANG_WARN_STRICT_PROTOTYPES = YES;
				CLANG_WARN_SUSPICIOUS_MOVE = YES;
				CLANG_WARN_UNGUARDED_AVAILABILITY = YES_AGGRESSIVE;
				CLANG_WARN_UNREACHABLE_CODE = YES;
				CLANG_WARN__DUPLICATE_METHOD_MATCH = YES;
				COPY_PHASE_STRIP = NO;
				DEBUG_INFORMATION_FORMAT = "dwarf-with-dsym";
				ENABLE_NS_ASSERTIONS = NO;
				ENABLE_STRICT_OBJC_MSGSEND = YES;
				GCC_C_LANGUAGE_STANDARD = gnu11;
				GCC_NO_COMMON_BLOCKS = YES;
				GCC_WARN_64_TO_32_BIT_CONVERSION = YES;
				GCC_WARN_ABOUT_RETURN_TYPE = YES_ERROR;
				GCC_WARN_UNDECLARED_SELECTOR = YES;
				GCC_WARN_UNINITIALIZED_AUTOS = YES_AGGRESSIVE;
				GCC_WARN_UNUSED_FUNCTION = YES;
				GCC_WARN_UNUSED_VARIABLE = YES;
				IPHONEOS_DEPLOYMENT_TARGET = 16.0;
				MTL_ENABLE_DEBUG_INFO = NO;
				MTL_FAST_MATH = YES;
				SDKROOT = iphoneos;
				SWIFT_COMPILATION_MODE = wholemodule;
				SWIFT_OPTIMIZATION_LEVEL = "-O";
				VALIDATE_PRODUCT = YES;
			};
			name = Release;
		};
		027A282029424A0C003A5BA9 /* Debug */ = {
			isa = XCBuildConfiguration;
			buildSettings = {
				ASSETCATALOG_COMPILER_APPICON_NAME = AppIcon;
				ASSETCATALOG_COMPILER_GLOBAL_ACCENT_COLOR_NAME = AccentColor;
				CODE_SIGN_STYLE = Automatic;
				CURRENT_PROJECT_VERSION = 1;
				DEVELOPMENT_ASSET_PATHS = "\"Recipes/Preview Content\"";
				DEVELOPMENT_TEAM = 7SJWSD7SQU;
				ENABLE_PREVIEWS = YES;
				GENERATE_INFOPLIST_FILE = YES;
				INFOPLIST_KEY_UIApplicationSceneManifest_Generation = YES;
				INFOPLIST_KEY_UIApplicationSupportsIndirectInputEvents = YES;
				INFOPLIST_KEY_UILaunchScreen_Generation = YES;
				INFOPLIST_KEY_UISupportedInterfaceOrientations_iPad = "UIInterfaceOrientationPortrait UIInterfaceOrientationPortraitUpsideDown UIInterfaceOrientationLandscapeLeft UIInterfaceOrientationLandscapeRight";
				INFOPLIST_KEY_UISupportedInterfaceOrientations_iPhone = "UIInterfaceOrientationPortrait UIInterfaceOrientationLandscapeLeft UIInterfaceOrientationLandscapeRight";
				LD_RUNPATH_SEARCH_PATHS = (
					"$(inherited)",
					"@executable_path/Frameworks",
				);
				MARKETING_VERSION = 1.0;
				PRODUCT_BUNDLE_IDENTIFIER = com.kkate.Recipes;
				PRODUCT_NAME = "$(TARGET_NAME)";
				SWIFT_EMIT_LOC_STRINGS = YES;
				SWIFT_VERSION = 5.0;
				TARGETED_DEVICE_FAMILY = "1,2";
			};
			name = Debug;
		};
		027A282129424A0C003A5BA9 /* Release */ = {
			isa = XCBuildConfiguration;
			buildSettings = {
				ASSETCATALOG_COMPILER_APPICON_NAME = AppIcon;
				ASSETCATALOG_COMPILER_GLOBAL_ACCENT_COLOR_NAME = AccentColor;
				CODE_SIGN_STYLE = Automatic;
				CURRENT_PROJECT_VERSION = 1;
				DEVELOPMENT_ASSET_PATHS = "\"Recipes/Preview Content\"";
				DEVELOPMENT_TEAM = 7SJWSD7SQU;
				ENABLE_PREVIEWS = YES;
				GENERATE_INFOPLIST_FILE = YES;
				INFOPLIST_KEY_UIApplicationSceneManifest_Generation = YES;
				INFOPLIST_KEY_UIApplicationSupportsIndirectInputEvents = YES;
				INFOPLIST_KEY_UILaunchScreen_Generation = YES;
				INFOPLIST_KEY_UISupportedInterfaceOrientations_iPad = "UIInterfaceOrientationPortrait UIInterfaceOrientationPortraitUpsideDown UIInterfaceOrientationLandscapeLeft UIInterfaceOrientationLandscapeRight";
				INFOPLIST_KEY_UISupportedInterfaceOrientations_iPhone = "UIInterfaceOrientationPortrait UIInterfaceOrientationLandscapeLeft UIInterfaceOrientationLandscapeRight";
				LD_RUNPATH_SEARCH_PATHS = (
					"$(inherited)",
					"@executable_path/Frameworks",
				);
				MARKETING_VERSION = 1.0;
				PRODUCT_BUNDLE_IDENTIFIER = com.kkate.Recipes;
				PRODUCT_NAME = "$(TARGET_NAME)";
				SWIFT_EMIT_LOC_STRINGS = YES;
				SWIFT_VERSION = 5.0;
				TARGETED_DEVICE_FAMILY = "1,2";
			};
			name = Release;
		};
		027A282329424A0C003A5BA9 /* Debug */ = {
			isa = XCBuildConfiguration;
			buildSettings = {
				ALWAYS_EMBED_SWIFT_STANDARD_LIBRARIES = YES;
				BUNDLE_LOADER = "$(TEST_HOST)";
				CODE_SIGN_STYLE = Automatic;
				CURRENT_PROJECT_VERSION = 1;
				DEVELOPMENT_TEAM = 7SJWSD7SQU;
				GENERATE_INFOPLIST_FILE = YES;
				IPHONEOS_DEPLOYMENT_TARGET = 16.0;
				MARKETING_VERSION = 1.0;
				PRODUCT_BUNDLE_IDENTIFIER = com.kkate.RecipesTests;
				PRODUCT_NAME = "$(TARGET_NAME)";
				SWIFT_EMIT_LOC_STRINGS = NO;
				SWIFT_VERSION = 5.0;
				TARGETED_DEVICE_FAMILY = "1,2";
				TEST_HOST = "$(BUILT_PRODUCTS_DIR)/Recipes.app/$(BUNDLE_EXECUTABLE_FOLDER_PATH)/Recipes";
			};
			name = Debug;
		};
		027A282429424A0C003A5BA9 /* Release */ = {
			isa = XCBuildConfiguration;
			buildSettings = {
				ALWAYS_EMBED_SWIFT_STANDARD_LIBRARIES = YES;
				BUNDLE_LOADER = "$(TEST_HOST)";
				CODE_SIGN_STYLE = Automatic;
				CURRENT_PROJECT_VERSION = 1;
				DEVELOPMENT_TEAM = 7SJWSD7SQU;
				GENERATE_INFOPLIST_FILE = YES;
				IPHONEOS_DEPLOYMENT_TARGET = 16.0;
				MARKETING_VERSION = 1.0;
				PRODUCT_BUNDLE_IDENTIFIER = com.kkate.RecipesTests;
				PRODUCT_NAME = "$(TARGET_NAME)";
				SWIFT_EMIT_LOC_STRINGS = NO;
				SWIFT_VERSION = 5.0;
				TARGETED_DEVICE_FAMILY = "1,2";
				TEST_HOST = "$(BUILT_PRODUCTS_DIR)/Recipes.app/$(BUNDLE_EXECUTABLE_FOLDER_PATH)/Recipes";
			};
			name = Release;
		};
/* End XCBuildConfiguration section */

/* Begin XCConfigurationList section */
		027A27F629424A0B003A5BA9 /* Build configuration list for PBXProject "Recipes" */ = {
			isa = XCConfigurationList;
			buildConfigurations = (
				027A281D29424A0C003A5BA9 /* Debug */,
				027A281E29424A0C003A5BA9 /* Release */,
			);
			defaultConfigurationIsVisible = 0;
			defaultConfigurationName = Release;
		};
		027A281F29424A0C003A5BA9 /* Build configuration list for PBXNativeTarget "Recipes" */ = {
			isa = XCConfigurationList;
			buildConfigurations = (
				027A282029424A0C003A5BA9 /* Debug */,
				027A282129424A0C003A5BA9 /* Release */,
			);
			defaultConfigurationIsVisible = 0;
			defaultConfigurationName = Release;
		};
		027A282229424A0C003A5BA9 /* Build configuration list for PBXNativeTarget "RecipesTests" */ = {
			isa = XCConfigurationList;
			buildConfigurations = (
				027A282329424A0C003A5BA9 /* Debug */,
				027A282429424A0C003A5BA9 /* Release */,
			);
			defaultConfigurationIsVisible = 0;
			defaultConfigurationName = Release;
		};
/* End XCConfigurationList section */

/* Begin XCRemoteSwiftPackageReference section */
		02A3FA482943F4AD0015EB0E /* XCRemoteSwiftPackageReference "swift-composable-architecture" */ = {
			isa = XCRemoteSwiftPackageReference;
			repositoryURL = "https://github.com/pointfreeco/swift-composable-architecture#examples";
			requirement = {
				kind = upToNextMajorVersion;
				minimumVersion = 0.9.0;
			};
		};
/* End XCRemoteSwiftPackageReference section */

/* Begin XCSwiftPackageProductDependency section */
		02A3FA492943F4AD0015EB0E /* ComposableArchitecture */ = {
			isa = XCSwiftPackageProductDependency;
			package = 02A3FA482943F4AD0015EB0E /* XCRemoteSwiftPackageReference "swift-composable-architecture" */;
			productName = ComposableArchitecture;
		};
/* End XCSwiftPackageProductDependency section */
	};
	rootObject = 027A27F329424A0B003A5BA9 /* Project object */;
}
